<?xml version="1.0" encoding="utf-8"?>
<Project ToolsVersion="4.0" xmlns="http://schemas.microsoft.com/developer/msbuild/2003">
  <ItemGroup>
    <ClCompile Include="ElementGUI.cpp" />
    <ClCompile Include="j1FadeToBlack.cpp" />
    <ClCompile Include="j1Fonts.cpp" />
    <ClCompile Include="j1Gui.cpp" />
    <ClCompile Include="j2ButtonClass.cpp" />
    <ClCompile Include="j2Coin.cpp" />
    <ClCompile Include="j2DynamicEntity.cpp" />
    <ClCompile Include="j2FlyingEnemy.cpp" />
    <ClCompile Include="j1Main.cpp" />
    <ClCompile Include="j1App.cpp" />
    <ClCompile Include="j1Audio.cpp" />
    <ClCompile Include="j1Input.cpp" />
    <ClCompile Include="j1Map.cpp" />
    <ClCompile Include="j1Pathfinding.cpp" />
    <ClCompile Include="j1PerfTimer.cpp" />
    <ClCompile Include="j1Scene.cpp" />
    <ClCompile Include="j1Timer.cpp" />
    <ClCompile Include="j2Collision.cpp" />
    <ClCompile Include="j2EntityManager.cpp" />
    <ClCompile Include="j2GroundEnemy.cpp" />
    <ClCompile Include="j2GuiSprites.cpp" />
    <ClCompile Include="j2GUIText.cpp" />
    <ClCompile Include="j2HealthBarGui.cpp" />
    <ClCompile Include="j2LifeItem.cpp" />
    <ClCompile Include="j2MainMenu.cpp" />
    <ClCompile Include="j2Player.cpp" />
    <ClCompile Include="j2SliderGUI.cpp" />
    <ClCompile Include="j2StaticEntity.cpp" />
    <ClCompile Include="p2Log.cpp" />
    <ClCompile Include="j1Render.cpp" />
    <ClCompile Include="j1Textures.cpp" />
    <ClCompile Include="j1Window.cpp" />
    <ClCompile Include="PugiXml\src\pugixml.cpp" />
    <ClCompile Include="j2VarsPlayerGUI.cpp" />
  </ItemGroup>
  <ItemGroup>
    <ClInclude Include="ElementGUI.h" />
    <ClInclude Include="j1FadeToBlack.h" />
    <ClInclude Include="j1Fonts.h" />
    <ClInclude Include="j1Gui.h" />
    <ClInclude Include="j2ButtonClass.h" />
    <ClInclude Include="j2Coin.h" />
    <ClInclude Include="j2DynamicEntity.h" />
    <ClInclude Include="j2FlyingEnemy.h" />
    <ClInclude Include="j2Entity.h" />
    <ClInclude Include="j1Map.h" />
    <ClInclude Include="j1Pathfinding.h" />
    <ClInclude Include="j1PerfTimer.h" />
    <ClInclude Include="j1Scene.h" />
    <ClInclude Include="j1Timer.h" />
    <ClInclude Include="j2Animation.h" />
    <ClInclude Include="j2EntityManager.h" />
    <ClInclude Include="j2GroundEnemy.h" />
    <ClInclude Include="j2GuiSprites.h" />
    <ClInclude Include="j2GUIText.h" />
    <ClInclude Include="j2HealthBarGui.h" />
    <ClInclude Include="j2LifeItem.h" />
    <ClInclude Include="j2MainMenu.h" />
    <ClInclude Include="j2Player.h" />
    <ClInclude Include="j2Collision.h" />
    <ClInclude Include="j2SliderGUI.h" />
    <ClInclude Include="j2StaticEntity.h" />
    <ClInclude Include="p2DynArray.h" />
    <ClInclude Include="j1Audio.h" />
    <ClInclude Include="j1Input.h" />
    <ClInclude Include="p2Log.h" />
    <ClInclude Include="j1App.h" />
    <ClInclude Include="p2Defs.h" />
    <ClInclude Include="p2List.h" />
    <ClInclude Include="j1Module.h" />
    <ClInclude Include="p2Point.h" />
    <ClInclude Include="j1Render.h" />
    <ClInclude Include="j1Textures.h" />
    <ClInclude Include="j1Window.h" />
    <ClInclude Include="p2SString.h" />
    <ClInclude Include="PugiXml\src\pugiconfig.hpp" />
    <ClInclude Include="PugiXml\src\pugixml.hpp" />
    <ClInclude Include="j2VarsPlayerGUI.h" />
  </ItemGroup>
</Project>